emperror.dev/emperror v0.33.0 h1:urYop6KLYxKVpZbt9ADC4eVG3WDnJFE6Ye3j07wUu/I=
emperror.dev/emperror v0.33.0/go.mod h1:CeOIKPcppTE8wn+3xBNcdzdHMMIP77sLOHS0Ik56m+w=
emperror.dev/errors v0.8.0/go.mod h1:YcRvLPh626Ubn2xqtoprejnA5nFha+TJ+2vew48kWuE=
emperror.dev/errors v0.8.1 h1:UavXZ5cSX/4u9iyvH6aDcuGkVjeexUGJ7Ij7G4VfQT0=
emperror.dev/errors v0.8.1/go.mod h1:YcRvLPh626Ubn2xqtoprejnA5nFha+TJ+2vew48kWuE=
filippo.io/edwards25519 v1.2.0 h1:crnVqOiS4jqYleHd9vaKZ+HKtHfllngJIiOpNpoJsjo=
filippo.io/edwards25519 v1.2.0/go.mod h1:xzAOLCNug/yB62zG1bQ8uziwrIqIuxhctzJT18Q77mc=
github.com/BurntSushi/toml v1.6.0 h1:dRaEfpa2VI55EwlIW72hMRHdWouJeRF7TPYhI+AUQjk=
github.com/BurntSushi/toml v1.6.0/go.mod h1:ukJfTF/6rtPPRCnwkur4qwRxa8vTRFBF0uk2lLoLwho=
github.com/andybalholm/brotli v1.2.0 h1:ukwgCxwYrmACq68yiUqwIWnGY0cTPox/M94sVwToPjQ=
github.com/andybalholm/brotli v1.2.0/go.mod h1:rzTDkvFWvIrjDXZHkuS16NPggd91W3kUSvPlQ1pLaKY=
github.com/armon/go-radix v1.0.0 h1:F4z6KzEeeQIMeLFa97iZU6vupzoecKdU5TX24SNppXI=
github.com/armon/go-radix v1.0.0/go.mod h1:ufUuZ+zHj4x4TnLV4JWEpy2hxWSpsRywHrMgIH9cCH8=
github.com/blend/go-sdk v1.20240719.1 h1:eyispDP9DzQuNE+y7j1xSqwRm6ndMS4jgwlOQU4BTGY=
github.com/blend/go-sdk v1.20240719.1/go.mod h1:aTw/exIbMHDYcJLTiqeWMMVhUs9+72BDe26AA0A6jno=
github.com/bluele/gcache v0.0.2 h1:WcbfdXICg7G/DGBh1PFfcirkWOQV+v077yF1pSy3DGw=
github.com/bluele/gcache v0.0.2/go.mod h1:m15KV+ECjptwSPxKhOhQoAFQVtUFjTVkc3H8o0t/fp0=
github.com/bytedance/gopkg v0.1.3 h1:TPBSwH8RsouGCBcMBktLt1AymVo2TVsBVCY4b6TnZ/M=
github.com/bytedance/gopkg v0.1.3/go.mod h1:576VvJ+eJgyCzdjS+c4+77QF3p7ubbtiKARP3TxducM=
github.com/bytedance/sonic v1.15.0 h1:/PXeWFaR5ElNcVE84U0dOHjiMHQOwNIx3K4ymzh/uSE=
github.com/bytedance/sonic v1.15.0/go.mod h1:tFkWrPz0/CUCLEF4ri4UkHekCIcdnkqXw9VduqpJh0k=
github.com/bytedance/sonic/loader v0.5.0 h1:gXH3KVnatgY7loH5/TkeVyXPfESoqSBSBEiDd5VjlgE=
github.com/bytedance/sonic/loader v0.5.0/go.mod h1:AR4NYCk5DdzZizZ5djGqQ92eEhCCcdf5x77udYiSJRo=
github.com/cenkalti/backoff/v3 v3.2.2 h1:cfUAAO3yvKMYKPrvhDuHSwQnhZNk/RMHKdZqKTxfm6M=
github.com/cenkalti/backoff/v3 v3.2.2/go.mod h1:cIeZDE3IrqwwJl6VUwCN6trj1oXrTS4rc0ij+ULvLYs=
github.com/cenkalti/backoff/v4 v4.3.0 h1:MyRJ/UdXutAwSAT+s3wNd7MfTIcy71VQueUuFK343L8=
github.com/cenkalti/backoff/v4 v4.3.0/go.mod h1:Y3VNntkOUPxTVeUxJ/G5vcM//AlwfmyYozVcomhLiZE=
github.com/cespare/xxhash/v2 v2.3.0 h1:UL815xU9SqsFlibzuggzjXhog7bL6oX9BbNZnL2UFvs=
github.com/cespare/xxhash/v2 v2.3.0/go.mod h1:VGX0DQ3Q6kWi7AoAeZDth3/j3BFtOZR5XLFGgcrjCOs=
github.com/cloudwego/base64x v0.1.6 h1:t11wG9AECkCDk5fMSoxmufanudBtJ+/HemLstXDLI2M=
github.com/cloudwego/base64x v0.1.6/go.mod h1:OFcloc187FXDaYHvrNIjxSe8ncn0OOM8gEHfghB2IPU=
github.com/coreos/go-systemd/v22 v22.5.0/go.mod h1:Y58oyj3AT4RCenI/lSvhwexgC+NSVTIJ3seZv2GcEnc=
github.com/davecgh/go-spew v1.1.0/go.mod h1:J7Y8YcW2NihsgmVo/mv3lAwl/skON4iLHjSsI+c5H38=
github.com/davecgh/go-spew v1.1.1/go.mod h1:J7Y8YcW2NihsgmVo/mv3lAwl/skON4iLHjSsI+c5H38=
github.com/davecgh/go-spew v1.1.2-0.20180830191138-d8f796af33cc h1:U9qPSI2PIWSS1VwoXQT9A3Wy9MM3WgvqSxFWenqJduM=
github.com/davecgh/go-spew v1.1.2-0.20180830191138-d8f796af33cc/go.mod h1:J7Y8YcW2NihsgmVo/mv3lAwl/skON4iLHjSsI+c5H38=
github.com/dgraph-io/badger/v4 v4.9.1 h1:DocZXZkg5JJHJPtUErA0ibyHxOVUDVoXLSCV6t8NC8w=
github.com/dgraph-io/badger/v4 v4.9.1/go.mod h1:5/MEx97uzdPUHR4KtkNt8asfI2T4JiEiQlV7kWUo8c0=
github.com/dgraph-io/ristretto/v2 v2.4.0 h1:I/w09yLjhdcVD2QV192UJcq8dPBaAJb9pOuMyNy0XlU=
github.com/dgraph-io/ristretto/v2 v2.4.0/go.mod h1:0KsrXtXvnv0EqnzyowllbVJB8yBonswa2lTCK2gGo9E=
github.com/dgryski/go-farm v0.0.0-20240924180020-3414d57e47da h1:aIftn67I1fkbMa512G+w+Pxci9hJPB8oMnkcP3iZF38=
github.com/dgryski/go-farm v0.0.0-20240924180020-3414d57e47da/go.mod h1:SqUrOPUnsFjfmXRMNPybcSiG0BgUW2AuFH8PAnS2iTw=
github.com/dustin/go-humanize v1.0.1 h1:GzkhY7T5VNhEkwH0PVJgjz+fX1rhBrR7pRT3mDkpeCY=
github.com/dustin/go-humanize v1.0.1/go.mod h1:Mu1zIs6XwVuF/gI1OepvI0qD18qycQx+mFykh5fBlto=
github.com/elastic/elastic-transport-go/v8 v8.9.0 h1:KeT/2P54F0xS0S8Y3Pf+tFDg4HmBgReQMB+BMz8dDAs=
github.com/elastic/elastic-transport-go/v8 v8.9.0/go.mod h1:ssMTvNS2hwf7CaiGsRRsx4gQHFZ/jS/DkLcISxekWzc=
github.com/elastic/go-elasticsearch/v7 v7.17.10 h1:TCQ8i4PmIJuBunvBS6bwT2ybzVFxxUhhltAs3Gyu1yo=
github.com/elastic/go-elasticsearch/v7 v7.17.10/go.mod h1:OJ4wdbtDNk5g503kvlHLyErCgQwwzmDtaFC4XyOxXA4=
github.com/elastic/go-elasticsearch/v8 v8.19.3 h1:5LDg0hfGJXBa9Y+2QlUgRTsNJ/7rm7oNidydtFAq0LI=
github.com/elastic/go-elasticsearch/v8 v8.19.3/go.mod h1:tHJQdInFa6abmDbDCEH2LJja07l/SIpaGpJcm13nt7s=
github.com/elastic/go-licenser v0.3.1/go.mod h1:D8eNQk70FOCVBl3smCGQt/lv7meBeQno2eI1S5apiHQ=
github.com/elastic/go-licenser v0.4.2 h1:bPbGm8bUd8rxzSswFOqvQh1dAkKGkgAmrPxbUi+Y9+A=
github.com/elastic/go-licenser v0.4.2/go.mod h1:W8eH6FaZDR8fQGm+7FnVa7MxI1b/6dAqxz+zPB8nm5c=
github.com/elastic/go-sysinfo v1.1.1/go.mod h1:i1ZYdU10oLNfRzq4vq62BEwD2fH8KaWh6eh0ikPT9F0=
github.com/elastic/go-sysinfo v1.15.4 h1:A3zQcunCxik14MgXu39cXFXcIw2sFXZ0zL886eyiv1Q=
github.com/elastic/go-sysinfo v1.15.4/go.mod h1:ZBVXmqS368dOn/jvijV/zHLfakWTYHBZPk3G244lHrU=
github.com/elastic/go-windows v1.0.0/go.mod h1:TsU0Nrp7/y3+VwE82FoZF8gC/XFg/Elz6CcloAxnPgU=
github.com/elastic/go-windows v1.0.2 h1:yoLLsAsV5cfg9FLhZ9EXZ2n2sQFKeDYrHenkcivY4vI=
github.com/elastic/go-windows v1.0.2/go.mod h1:bGcDpBzXgYSqM0Gx3DM4+UxFj300SZLixie9u9ixLM8=
github.com/gabriel-vasile/mimetype v1.4.13 h1:46nXokslUBsAJE/wMsp5gtO500a4F3Nkz9Ufpk2AcUM=
github.com/gabriel-vasile/mimetype v1.4.13/go.mod h1:d+9Oxyo1wTzWdyVUPMmXFvp4F9tea18J8ufA774AB3s=
github.com/gin-contrib/sse v1.1.0 h1:n0w2GMuUpWDVp7qSpvze6fAu9iRxJY4Hmj6AmBOU05w=
github.com/gin-contrib/sse v1.1.0/go.mod h1:hxRZ5gVpWMT7Z0B0gSNYqqsSCNIJMjzvm6fqCz9vjwM=
github.com/gin-gonic/gin v1.12.0 h1:b3YAbrZtnf8N//yjKeU2+MQsh2mY5htkZidOM7O0wG8=
github.com/gin-gonic/gin v1.12.0/go.mod h1:VxccKfsSllpKshkBWgVgRniFFAzFb9csfngsqANjnLc=
github.com/go-logr/logr v1.2.2/go.mod h1:jdQByPbusPIv2/zmleS9BjJVeZ6kBagPoEUsqbVz/1A=
github.com/go-logr/logr v1.4.3 h1:CjnDlHq8ikf6E492q6eKboGOC0T8CDaOvkHCIg8idEI=
github.com/go-logr/logr v1.4.3/go.mod h1:9T104GzyrTigFIr8wt5mBrctHMim0Nb2HLGrmQ40KvY=
github.com/go-logr/stdr v1.2.2 h1:hSWxHoqTgW2S2qGc0LTAI563KZ5YKYRhT3MFKZMbjag=
github.com/go-logr/stdr v1.2.2/go.mod h1:mMo/vtBO5dYbehREoey6XUKy/eSumjCCveDpRre4VKE=
github.com/go-playground/assert/v2 v2.2.0 h1:JvknZsQTYeFEAhQwI4qEt9cyV5ONwRHC+lYKSsYSR8s=
github.com/go-playground/assert/v2 v2.2.0/go.mod h1:VDjEfimB/XKnb+ZQfWdccd7VUvScMdVu0Titje2rxJ4=
github.com/go-playground/locales v0.14.1 h1:EWaQ/wswjilfKLTECiXz7Rh+3BjFhfDFKv/oXslEjJA=
github.com/go-playground/locales v0.14.1/go.mod h1:hxrqLVvrK65+Rwrd5Fc6F2O76J/NuW9t0sjnWqG1slY=
github.com/go-playground/universal-translator v0.18.1 h1:Bcnm0ZwsGyWbCzImXv+pAJnYK9S473LQFuzCbDbfSFY=
github.com/go-playground/universal-translator v0.18.1/go.mod h1:xekY+UJKNuX9WP91TpwSH2VMlDf28Uj24BCp08ZFTUY=
github.com/go-playground/validator/v10 v10.30.1 h1:f3zDSN/zOma+w6+1Wswgd9fLkdwy06ntQJp0BBvFG0w=
github.com/go-playground/validator/v10 v10.30.1/go.mod h1:oSuBIQzuJxL//3MelwSLD5hc2Tu889bF0Idm9Dg26cM=
github.com/go-sql-driver/mysql v1.9.3 h1:U/N249h2WzJ3Ukj8SowVFjdtZKfu9vlLZxjPXV1aweo=
github.com/go-sql-driver/mysql v1.9.3/go.mod h1:qn46aNg1333BRMNU69Lq93t8du/dwxI64Gl8i5p1WMU=
github.com/goccy/go-json v0.10.6 h1:p8HrPJzOakx/mn/bQtjgNjdTcN+/S6FcG2CTtQOrHVU=
github.com/goccy/go-json v0.10.6/go.mod h1:oq7eo15ShAhp70Anwd5lgX2pLfOS3QCiwU/PULtXL6M=
github.com/goccy/go-yaml v1.19.2 h1:PmFC1S6h8ljIz6gMRBopkjP1TVT7xuwrButHID66PoM=
github.com/goccy/go-yaml v1.19.2/go.mod h1:XBurs7gK8ATbW4ZPGKgcbrY1Br56PdM69F7LkFRi1kA=
github.com/godbus/dbus/v5 v5.0.4/go.mod h1:xhWf0FNVPg57R7Z0UbKHbJfkEywrmjJnf7w5xrFpKfA=
github.com/golang-jwt/jwt v3.2.2+incompatible h1:IfV12K8xAKAnZqdXVzCZ+TOjboZ2keLg81eXfW3O+oY=
github.com/golang-jwt/jwt v3.2.2+incompatible/go.mod h1:8pz2t5EyA70fFQQSrl6XZXzqecmYZeUEB8OUGHkxJ+I=
github.com/golang/protobuf v1.5.0/go.mod h1:FsONVRAS9T7sI+LIUmWTfcYkHO4aIWwzhcaSAoJOfIk=
github.com/golang/protobuf v1.5.2/go.mod h1:XVQd3VNwM+JqD3oG2Ue2ip4fOMUkwXdXDdiuN0vRsmY=
github.com/golang/protobuf v1.5.4 h1:i7eJL8qZTpSEXOPTxNKhASYpMn+8e5Q6AdndVa1dWek=
github.com/golang/protobuf v1.5.4/go.mod h1:lnTiLA8Wa4RWRcIUkrtSVa5nRhsEGBg48fD6rSs7xps=
github.com/google/certificate-transparency-go v1.3.3 h1:hq/rSxztSkXN2tx/3jQqF6Xc0O565UQPdHrOWvZwybo=
github.com/google/certificate-transparency-go v1.3.3/go.mod h1:iR17ZgSaXRzSa5qvjFl8TnVD5h8ky2JMVio+dzoKMgA=
github.com/google/flatbuffers v25.12.19+incompatible h1:haMV2JRRJCe1998HeW/p0X9UaMTK6SDo0ffLn2+DbLs=
github.com/google/flatbuffers v25.12.19+incompatible/go.mod h1:1AeVuKshWv4vARoZatz6mlQ0JxURH0Kv5+zNeJKJCa8=
github.com/google/go-cmp v0.3.1/go.mod h1:8QqcDgzrUqlUb/G2PQTWiueGozuR1884gddMywk6iLU=
github.com/google/go-cmp v0.5.5/go.mod h1:v8dTdLbMG2kIc/vJvl+f65V22dbkXbowE6jgT/gNBxE=
github.com/google/go-cmp v0.7.0 h1:wk8382ETsv4JYUZwIsn6YpYiWiBsYLSJiTsyBybVuN8=
github.com/google/go-cmp v0.7.0/go.mod h1:pXiqmnSA92OHEEa9HXL2W4E7lf9JzCmGVUdgjX3N/iU=
github.com/google/gofuzz v1.0.0/go.mod h1:dBl0BpW6vV/+mYPU4Po3pmUjxk6FQPldtuIdl/M65Eg=
github.com/google/uuid v1.6.0 h1:NIvaJDMOsjHA8n1jAhLSgzrAzy1Hgr+hNrb57e+94F0=
github.com/google/uuid v1.6.0/go.mod h1:TIyPZe4MgqvfeYDBFedMoGGpEw/LqOeaOT+nhxU+yHo=
github.com/gosuri/uilive v0.0.4 h1:hUEBpQDj8D8jXgtCdBu7sWsy5sbW/5GhuO8KBwJ2jyY=
github.com/gosuri/uilive v0.0.4/go.mod h1:V/epo5LjjlDE5RJUcqx8dbw+zc93y5Ya3yg8tfZ74VI=
github.com/gosuri/uiprogress v0.0.1 h1:0kpv/XY/qTmFWl/SkaJykZXrBBzwwadmW8fRb7RJSxw=
github.com/gosuri/uiprogress v0.0.1/go.mod h1:C1RTYn4Sc7iEyf6j8ft5dyoZ4212h8G1ol9QQluh5+0=
github.com/jcchavezs/porto v0.1.0/go.mod h1:fESH0gzDHiutHRdX2hv27ojnOVFco37hg1W6E9EZF4A=
github.com/jcchavezs/porto v0.7.0 h1:VncK84yxV7QZD4GdvoslzjnieSuruztGxLCmFi/Eu28=
github.com/jcchavezs/porto v0.7.0/go.mod h1:tQ1cJ85cNzzZg/58VuZWOLbmrjcH1wPxkWgeBjvOq5o=
github.com/je4/trustutil/v2 v2.0.31 h1:QUMfnE8LoyNlBLvhaMdSZFiq/UlOoHyPjJd+C6qT5PY=
github.com/je4/trustutil/v2 v2.0.31/go.mod h1:76JX2f0YrNvxiI9kVufLdlc4qTVGXpk64BiThBxzWGs=
github.com/jessevdk/go-flags v1.4.0/go.mod h1:4FA24M0QyGHXBuZZK/XkWh8h0e1EYbRYJSGM75WSRxI=
github.com/joeshaw/multierror v0.0.0-20140124173710-69b34d4ec901/go.mod h1:Z86h9688Y0wesXCyonoVr47MasHilkuLMqGhRZ4Hpak=
github.com/json-iterator/go v1.1.12 h1:PV8peI4a0ysnczrg+LtxykD8LfKY9ML6u2jnxaEnrnM=
github.com/json-iterator/go v1.1.12/go.mod h1:e30LSqwooZae/UwlEbR2852Gd8hjQvJoHmT4TnhNGBo=
github.com/klauspost/compress v1.18.4 h1:RPhnKRAQ4Fh8zU2FY/6ZFDwTVTxgJ/EMydqSTzE9a2c=
github.com/klauspost/compress v1.18.4/go.mod h1:R0h/fSBs8DE4ENlcrlib3PsXS61voFxhIs2DeRhCvJ4=
github.com/klauspost/cpuid/v2 v2.3.0 h1:S4CRMLnYUhGeDFDqkGriYKdfoFlDnMtqTiI/sFzhA9Y=
github.com/klauspost/cpuid/v2 v2.3.0/go.mod h1:hqwkgyIinND0mEev00jJYCxPNVRVXFQeu1XKlok6oO0=
github.com/kr/fs v0.1.0 h1:Jskdu9ieNAYnjxsi0LbQp1ulIKZV1LAFgK1tWhpZgl8=
github.com/kr/fs v0.1.0/go.mod h1:FFnZGqtBN9Gxj7eW1uZ42v5BccTP0vu6NEaFoC2HwRg=
github.com/kr/pretty v0.1.0/go.mod h1:dAy3ld7l9f0ibDNOQOHHMYYIIbhfbHSm3C4ZsoJORNo=
github.com/kr/pretty v0.3.1 h1:flRD4NNwYAUpkphVc1HcthR4KEIFJ65n8Mw5qdRn3LE=
github.com/kr/pretty v0.3.1/go.mod h1:hoEshYVHaxMs3cyo3Yncou5ZscifuDolrwPKZanG3xk=
github.com/kr/pty v1.1.1/go.mod h1:pFQYn66WHrOpPYNljwOMqo10TkYh1fy3cYio2l3bCsQ=
github.com/kr/text v0.1.0/go.mod h1:4Jbv+DJW3UT/LiOwJeYQe1efqtUx/iVham/4vfdArNI=
github.com/kr/text v0.2.0 h1:5Nx0Ya0ZqY2ygV366QzturHI13Jq95ApcVaJBhpS+AY=
github.com/kr/text v0.2.0/go.mod h1:eLer722TekiGuMkidMxC/pM04lWEeraHUUmBw8l2grE=
github.com/leodido/go-urn v1.4.0 h1:WT9HwE9SGECu3lg4d/dIA+jxlljEa1/ffXKmRjqdmIQ=
github.com/leodido/go-urn v1.4.0/go.mod h1:bvxc+MVxLKB4z00jd1z+Dvzr47oO32F/QSNjSBOlFxI=
github.com/machinebox/progress v0.2.0 h1:7z8+w32Gy1v8S6VvDoOPPBah3nLqdKjr3GUly18P8Qo=
github.com/machinebox/progress v0.2.0/go.mod h1:hl4FywxSjfmkmCrersGhmJH7KwuKl+Ueq9BXkOny+iE=
github.com/matryer/is v1.4.1 h1:55ehd8zaGABKLXQUe2awZ99BD/PTc2ls+KV/dXphgEQ=
github.com/matryer/is v1.4.1/go.mod h1:8I/i5uYgLzgsgEloJE1U6xx5HkBQpAZvepWuujKwMRU=
github.com/mattn/go-colorable v0.1.13/go.mod h1:7S9/ev0klgBDR4GtXTXX8a3vIGJpMovkB8vQcUbaXHg=
github.com/mattn/go-colorable v0.1.14 h1:9A9LHSqF/7dyVVX6g0U9cwm9pG3kP9gSzcuIPHPsaIE=
github.com/mattn/go-colorable v0.1.14/go.mod h1:6LmQG8QLFO4G5z1gPvYEzlUgJ2wF+stgPZH1UqBm1s8=
github.com/mattn/go-isatty v0.0.16/go.mod h1:kYGgaQfpe5nmfYZH+SKPsOc2e4SrIfOl2e/yFXSvRLM=
github.com/mattn/go-isatty v0.0.19/go.mod h1:W+V8PltTTMOvKvAeJH7IuucS94S2C6jfK/D7dTCTo3Y=
github.com/mattn/go-isatty v0.0.20 h1:xfD0iDuEKnDkl03q4limB+vH+GxLEtL/jb4xVJSWWEY=
github.com/mattn/go-isatty v0.0.20/go.mod h1:W+V8PltTTMOvKvAeJH7IuucS94S2C6jfK/D7dTCTo3Y=
github.com/modern-go/concurrent v0.0.0-20180228061459-e0a39a4cb421/go.mod h1:6dJC0mAP4ikYIbvyc7fijjWJddQyLn8Ig3JB5CqoB9Q=
github.com/modern-go/concurrent v0.0.0-20180306012644-bacd9c7ef1dd h1:TRLaZ9cD/w8PVh93nsPXa1VrQ6jlwL5oN8l14QlcNfg=
github.com/modern-go/concurrent v0.0.0-20180306012644-bacd9c7ef1dd/go.mod h1:6dJC0mAP4ikYIbvyc7fijjWJddQyLn8Ig3JB5CqoB9Q=
github.com/modern-go/reflect2 v1.0.2/go.mod h1:yWuevngMOJpCy52FWWMvUC8ws7m/LJsjYzDa0/r8luk=
github.com/modern-go/reflect2 v1.0.3-0.20250322232337-35a7c28c31ee h1:W5t00kpgFdJifH4BDsTlE89Zl93FEloxaWZfGcifgq8=
github.com/modern-go/reflect2 v1.0.3-0.20250322232337-35a7c28c31ee/go.mod h1:yWuevngMOJpCy52FWWMvUC8ws7m/LJsjYzDa0/r8luk=
github.com/op/go-logging v0.0.0-20160315200505-970db520ece7 h1:lDH9UUVJtmYCjyT0CI4q8xvlXPxeZ0gYCVvWbmPlp88=
github.com/op/go-logging v0.0.0-20160315200505-970db520ece7/go.mod h1:HzydrMdWErDVzsI23lYNej1Htcns9BCg93Dk0bBINWk=
github.com/pelletier/go-toml/v2 v2.2.4 h1:mye9XuhQ6gvn5h28+VilKrrPoQVanw5PMw/TB0t5Ec4=
github.com/pelletier/go-toml/v2 v2.2.4/go.mod h1:2gIqNv+qfxSVS7cM2xJQKtLSTLUE9V8t9Stt+h56mCY=
github.com/pkg/errors v0.8.0/go.mod h1:bwawxfHBFNV+L2hUp1rHADufV3IMtnDRdf1r5NINEl0=
github.com/pkg/errors v0.8.1/go.mod h1:bwawxfHBFNV+L2hUp1rHADufV3IMtnDRdf1r5NINEl0=
github.com/pkg/errors v0.9.1 h1:FEBLx1zS214owpjy7qsBeixbURkuhQAwrK5UwLGTwt4=
github.com/pkg/errors v0.9.1/go.mod h1:bwawxfHBFNV+L2hUp1rHADufV3IMtnDRdf1r5NINEl0=
github.com/pkg/sftp v1.13.10 h1:+5FbKNTe5Z9aspU88DPIKJ9z2KZoaGCu6Sr6kKR/5mU=
github.com/pkg/sftp v1.13.10/go.mod h1:bJ1a7uDhrX/4OII+agvy28lzRvQrmIQuaHrcI1HbeGA=
github.com/pmezard/go-difflib v1.0.0/go.mod h1:iKH77koFhYxTK1pcRnkKkqfTogsbg7gZNVY4sRDYZ/4=
github.com/pmezard/go-difflib v1.0.1-0.20181226105442-5d4384ee4fb2 h1:Jamvg5psRIccs7FGNTlIRMkT8wgtp5eCXdBlqhYGL6U=
github.com/pmezard/go-difflib v1.0.1-0.20181226105442-5d4384ee4fb2/go.mod h1:iKH77koFhYxTK1pcRnkKkqfTogsbg7gZNVY4sRDYZ/4=
github.com/prometheus/procfs v0.0.0-20190425082905-87a4384529e0/go.mod h1:TjEm7ze935MbeOT/UhFTIMYKhuLP4wbCsTZCD3I8kEA=
github.com/prometheus/procfs v0.20.1 h1:XwbrGOIplXW/AU3YhIhLODXMJYyC1isLFfYCsTEycfc=
github.com/prometheus/procfs v0.20.1/go.mod h1:o9EMBZGRyvDrSPH1RqdxhojkuXstoe4UlK79eF5TGGo=
github.com/quic-go/qpack v0.6.0 h1:g7W+BMYynC1LbYLSqRt8PBg5Tgwxn214ZZR34VIOjz8=
github.com/quic-go/qpack v0.6.0/go.mod h1:lUpLKChi8njB4ty2bFLX2x4gzDqXwUpaO1DP9qMDZII=
github.com/quic-go/quic-go v0.59.0 h1:OLJkp1Mlm/aS7dpKgTc6cnpynnD2Xg7C1pwL6vy/SAw=
github.com/quic-go/quic-go v0.59.0/go.mod h1:upnsH4Ju1YkqpLXC305eW3yDZ4NfnNbmQRCMWS58IKU=
github.com/rogpeppe/go-internal v1.14.1 h1:UQB4HGPB6osV0SQTLymcB4TgvyWu6ZyliaW0tI/otEQ=
github.com/rogpeppe/go-internal v1.14.1/go.mod h1:MaRKkUm5W0goXpeCfT7UZI6fk/L7L7so1lCWt35ZSgc=
github.com/rs/xid v1.6.0/go.mod h1:7XoLgs4eV+QndskICGsho+ADou8ySMSjJKDIan90Nz0=
github.com/rs/zerolog v1.34.0 h1:k43nTLIwcTVQAncfCw4KZ2VY6ukYoZaBPNOE8txlOeY=
github.com/rs/zerolog v1.34.0/go.mod h1:bJsvje4Z08ROH4Nhs5iH600c3IkWhwp44iRc54W6wYQ=
github.com/santhosh-tekuri/jsonschema v1.2.4 h1:hNhW8e7t+H1vgY+1QeEQpveR6D4+OwKPXCfD2aieJis=
github.com/santhosh-tekuri/jsonschema v1.2.4/go.mod h1:TEAUOeZSmIxTTuHatJzrvARHiuO9LYd+cIxzgEHCQI4=
github.com/sashabaranov/go-openai v1.41.2 h1:vfPRBZNMpnqu8ELsclWcAvF19lDNgh1t6TVfFFOPiSM=
github.com/sashabaranov/go-openai v1.41.2/go.mod h1:lj5b/K+zjTSFxVLijLSTDZuP7adOgerWeFyZLUhAKRg=
github.com/smallstep/certinfo v1.15.0 h1:oxvuOr6KvwuXjgyg+gJEUJW6Gz9pm4uAGQ5tirpmTHg=
github.com/smallstep/certinfo v1.15.0/go.mod h1:t5s4J23P3B/j68l2efuJFSZqCj0kBU8sa2FYbHRaffw=
github.com/stretchr/objx v0.1.0/go.mod h1:HFkY916IF+rwdDfMAkV7OtwuqBVzrE8GR6GFx+wExME=
github.com/stretchr/objx v0.4.0/go.mod h1:YvHI0jy2hoMjB+UWwv71VJQ9isScKT/TqJzVSSt89Yw=
github.com/stretchr/objx v0.5.0/go.mod h1:Yh+to48EsGEfYuaHDzXPcE3xhTkx73EhmCGUpEOglKo=
github.com/stretchr/objx v0.5.2 h1:xuMeJ0Sdp5ZMRXx/aWO6RZxdr3beISkG5/G/aIRr3pY=
github.com/stretchr/objx v0.5.2/go.mod h1:FRsXN1f5AsAjCGJKqEizvkpNtU+EGNCLh3NxZ/8L+MA=
github.com/stretchr/testify v1.3.0/go.mod h1:M5WIy9Dh21IEIfnGCwXGc5bZfKNJtfHm1UVUgZn+9EI=
github.com/stretchr/testify v1.6.1/go.mod h1:6Fq8oRcR53rry900zMqJjRRixrwX3KX962/h/Wwjteg=
github.com/stretchr/testify v1.7.1/go.mod h1:6Fq8oRcR53rry900zMqJjRRixrwX3KX962/h/Wwjteg=
github.com/stretchr/testify v1.8.0/go.mod h1:yNjHg4UonilssWZ8iaSj1OCr/vHnekPRkoO+kdMU+MU=
github.com/stretchr/testify v1.8.4/go.mod h1:sz/lmYIOXD/1dqDmKjjqLyZ2RngseejIcXlSw2iwfAo=
github.com/stretchr/testify v1.10.0/go.mod h1:r2ic/lqez/lEtzL7wO/rwa5dbSLXVDPFyf8C91i36aY=
github.com/stretchr/testify v1.11.1 h1:7s2iGBzp5EwR7/aIZr8ao5+dra3wiQyKjjFuvgVKu7U=
github.com/stretchr/testify v1.11.1/go.mod h1:wZwfW3scLgRK+23gO65QZefKpKQRnfz6sD981Nm4B6U=
github.com/tink-crypto/tink-go/v2 v2.6.0 h1:+KHNBHhWH33Vn+igZWcsgdEPUxKwBMEe0QC60t388v4=
github.com/tink-crypto/tink-go/v2 v2.6.0/go.mod h1:2WbBA6pfNsAfBwDCggboaHeB2X29wkU8XHtGwh2YIk8=
github.com/tobischo/argon2 v0.1.0 h1:mwAx/9DK/4rP0xzNifb/XMAf43dU3eG1B3aeF88qu4Y=
github.com/tobischo/argon2 v0.1.0/go.mod h1:4NLmLFwhWPbT66nRZNgcktV/mibJ6fESoeEp43h9GRw=
github.com/tobischo/gokeepasslib/v3 v3.6.2 h1:SJzzllmNe7iZLudLJ3Lzdm3pDb++AJqZlmqG+SR8bVc=
github.com/tobischo/gokeepasslib/v3 v3.6.2/go.mod h1:ga7HFqG0TZSLNao/QOnV2+yngkrf5186saPxSQ1Xp7o=
github.com/twitchyliquid64/golang-asm v0.15.1 h1:SU5vSMR7hnwNxj24w34ZyCi/FmDZTkS4MhqMhdFk5YI=
github.com/twitchyliquid64/golang-asm v0.15.1/go.mod h1:a1lVb/DtPvCB8fslRZhAngC2+aY1QWCk3Cedj/Gdt08=
github.com/ugorji/go/codec v1.3.1 h1:waO7eEiFDwidsBN6agj1vJQ4AG7lh2yqXyOXqhgQuyY=
github.com/ugorji/go/codec v1.3.1/go.mod h1:pRBVtBSKl77K30Bv8R2P+cLSGaTtex6fsA2Wjqmfxj4=
github.com/xyproto/randomstring v1.0.5 h1:YtlWPoRdgMu3NZtP45drfy1GKoojuR7hmRcnhZqKjWU=
github.com/xyproto/randomstring v1.0.5/go.mod h1:rgmS5DeNXLivK7YprL0pY+lTuhNQW3iGxZ18UQApw/E=
github.com/yuin/goldmark v1.1.27/go.mod h1:3hX8gzYuyVAZsxl0MRgGTJEmQBFcNTphYh9decYSb74=
github.com/yuin/goldmark v1.4.13/go.mod h1:6yULJ656Px+3vBD8DxQVa3kxgyrAnzto9xy5taEt/CY=
go.elastic.co/apm v1.15.0 h1:uPk2g/whK7c7XiZyz/YCUnAUBNPiyNeE3ARX3G6Gx7Q=
go.elastic.co/apm v1.15.0/go.mod h1:dylGv2HKR0tiCV+wliJz1KHtDyuD8SPe69oV7VyK6WY=
go.elastic.co/apm/module/apmelasticsearch v1.15.0 h1:c5/qg+9AYe1QCGhu7FGqoydY9NNkNzc+iRpJJXRK/WE=
go.elastic.co/apm/module/apmelasticsearch v1.15.0/go.mod h1:TO6L5GJoJNavqJfksrUnnEG485VNQvZRpsmrwJW9LN8=
go.elastic.co/apm/module/apmhttp v1.15.0 h1:Le/DhI0Cqpr9wG/NIGOkbz7+rOMqJrfE4MRG6q/+leU=
go.elastic.co/apm/module/apmhttp v1.15.0/go.mod h1:NruY6Jq8ALLzWUVUQ7t4wIzn+onKoiP5woJJdTV7GMg=
go.elastic.co/fastjson v1.1.0/go.mod h1:boNGISWMjQsUPy/t6yqt2/1Wx4YNPSe+mZjlyw9vKKI=
go.elastic.co/fastjson v1.5.1 h1:zeh1xHrFH79aQ6Xsw7YxixvnOdAl3OSv0xch/jRDzko=
go.elastic.co/fastjson v1.5.1/go.mod h1:WtvH5wz8z9pDOPqNYSYKoLLv/9zCWZLeejHWuvdL/EM=
go.mongodb.org/mongo-driver/v2 v2.5.0 h1:yXUhImUjjAInNcpTcAlPHiT7bIXhshCTL3jVBkF3xaE=
go.mongodb.org/mongo-driver/v2 v2.5.0/go.mod h1:yOI9kBsufol30iFsl1slpdq1I0eHPzybRWdyYUs8K/0=
go.opentelemetry.io/auto/sdk v1.2.1 h1:jXsnJ4Lmnqd11kwkBV2LgLoFMZKizbCi5fNZ/ipaZ64=
go.opentelemetry.io/auto/sdk v1.2.1/go.mod h1:KRTj+aOaElaLi+wW1kO/DZRXwkF4C5xPbEe3ZiIhN7Y=
go.opentelemetry.io/otel v1.42.0 h1:lSQGzTgVR3+sgJDAU/7/ZMjN9Z+vUip7leaqBKy4sho=
go.opentelemetry.io/otel v1.42.0/go.mod h1:lJNsdRMxCUIWuMlVJWzecSMuNjE7dOYyWlqOXWkdqCc=
go.opentelemetry.io/otel/metric v1.42.0 h1:2jXG+3oZLNXEPfNmnpxKDeZsFI5o4J+nz6xUlaFdF/4=
go.opentelemetry.io/otel/metric v1.42.0/go.mod h1:RlUN/7vTU7Ao/diDkEpQpnz3/92J9ko05BIwxYa2SSI=
go.opentelemetry.io/otel/sdk v1.39.0 h1:nMLYcjVsvdui1B/4FRkwjzoRVsMK8uL/cj0OyhKzt18=
go.opentelemetry.io/otel/sdk v1.39.0/go.mod h1:vDojkC4/jsTJsE+kh+LXYQlbL8CgrEcwmt1ENZszdJE=
go.opentelemetry.io/otel/sdk/metric v1.39.0 h1:cXMVVFVgsIf2YL6QkRF4Urbr/aMInf+2WKg+sEJTtB8=
go.opentelemetry.io/otel/sdk/metric v1.39.0/go.mod h1:xq9HEVH7qeX69/JnwEfp6fVq5wosJsY1mt4lLfYdVew=
go.opentelemetry.io/otel/trace v1.42.0 h1:OUCgIPt+mzOnaUTpOQcBiM/PLQ/Op7oq6g4LenLmOYY=
go.opentelemetry.io/otel/trace v1.42.0/go.mod h1:f3K9S+IFqnumBkKhRJMeaZeNk9epyhnCmQh/EysQCdc=
go.step.sm/crypto v0.76.2 h1:JJ/yMcs/rmcCAwlo+afrHjq74XBFRTJw5B2y4Q4Z4c4=
go.step.sm/crypto v0.76.2/go.mod h1:m6KlB/HzIuGFep0UWI5e0SYi38UxpoKeCg6qUaHV6/Q=
go.ub.unibas.ch/cloud/certloader/v2 v2.0.24 h1:S6ppBcXC0MqsLzlmIbzc6ImQShxSJkSS2hYEoo6jcKM=
go.ub.unibas.ch/cloud/certloader/v2 v2.0.24/go.mod h1:YWA1+MBhd//jlRbOjsfJrGHJyxd/UhcaAZslBxfuI6Y=
go.ub.unibas.ch/cloud/minivaultclient v1.0.0 h1:ee4cCr7IZ7Q7vQ0mnWDFSdozQZ1rIosswJ1qCMbUOng=
go.ub.unibas.ch/cloud/minivaultclient v1.0.0/go.mod h1:mm/NKH+gNgyQ323ZOkjjNrgd3htbniQe7o/4iPrIYtE=
go.uber.org/atomic v1.7.0/go.mod h1:fEN4uk6kAWBTFdckzkM89CLk9XfWZrxpCo0nPH17wJc=
go.uber.org/mock v0.6.0 h1:hyF9dfmbgIX5EfOdasqLsWD6xqpNZlXblLB/Dbnwv3Y=
go.uber.org/mock v0.6.0/go.mod h1:KiVJ4BqZJaMj4svdfmHM0AUx4NJYO8ZNpPnZn1Z+BBU=
go.uber.org/multierr v1.6.0/go.mod h1:cdWPpRnG4AhwMwsgIHip0KRBQjJy5kYEpYjJxpXp9iU=
go.uber.org/multierr v1.11.0 h1:blXXJkSxSSfBVBlC76pxqeO+LN3aDfLQo+309xJstO0=
go.uber.org/multierr v1.11.0/go.mod h1:20+QtiLqy0Nd6FdQB9TLXag12DsQkrbs3htMFfDN80Y=
golang.org/x/arch v0.25.0 h1:qnk6Ksugpi5Bz32947rkUgDt9/s5qvqDPl/gBKdMJLE=
golang.org/x/arch v0.25.0/go.mod h1:0X+GdSIP+kL5wPmpK7sdkEVTt2XoYP0cSjQSbZBwOi8=
golang.org/x/crypto v0.0.0-20190308221718-c2843e01d9a2/go.mod h1:djNgcEr1/C05ACkg1iLfiJU5Ep61QUkGW8qpdssI0+w=
golang.org/x/crypto v0.0.0-20191011191535-87dc89f01550/go.mod h1:yigFU9vqHzYiE8UmvKecakEJjdnWj3jj499lnFckfCI=
golang.org/x/crypto v0.0.0-20210921155107-089bfa567519/go.mod h1:GvvjBRRGRdwPK5ydBHafDWAxML/pGHZbMvKqRZ5+Abc=
golang.org/x/crypto v0.49.0 h1:+Ng2ULVvLHnJ/ZFEq4KdcDd/cfjrrjjNSXNzxg0Y4U4=
golang.org/x/crypto v0.49.0/go.mod h1:ErX4dUh2UM+CFYiXZRTcMpEcN8b/1gxEuv3nODoYtCA=
golang.org/x/exp v0.0.0-20260312153236-7ab1446f8b90 h1:jiDhWWeC7jfWqR9c/uplMOqJ0sbNlNWv0UkzE0vX1MA=
golang.org/x/exp v0.0.0-20260312153236-7ab1446f8b90/go.mod h1:xE1HEv6b+1SCZ5/uscMRjUBKtIxworgEcEi+/n9NQDQ=
golang.org/x/lint v0.0.0-20201208152925-83fdc39ff7b5/go.mod h1:3xt1FjdF8hUf6vQPIChWIBhFzV8gjjsPE/fR3IyQdNY=
golang.org/x/lint v0.0.0-20241112194109-818c5a804067 h1:adDmSQyFTCiv19j015EGKJBoaa7ElV0Q1Wovb/4G7NA=
golang.org/x/lint v0.0.0-20241112194109-818c5a804067/go.mod h1:3xt1FjdF8hUf6vQPIChWIBhFzV8gjjsPE/fR3IyQdNY=
golang.org/x/mod v0.1.1-0.20191105210325-c90efee705ee/go.mod h1:QqPTAvyqsEbceGzBzNggFXnrqF1CaUcvgkdR5Ot7KZg=
golang.org/x/mod v0.2.0/go.mod h1:s0Qsj1ACt9ePp/hMypM3fl4fZqREWJwdYDEqhRiZZUA=
golang.org/x/mod v0.3.0/go.mod h1:s0Qsj1ACt9ePp/hMypM3fl4fZqREWJwdYDEqhRiZZUA=
golang.org/x/mod v0.6.0-dev.0.20220419223038-86c51ed26bb4/go.mod h1:jJ57K6gSWd91VN4djpZkiMVwK6gcyfeH4XE8wZrZaV4=
golang.org/x/mod v0.34.0 h1:xIHgNUUnW6sYkcM5Jleh05DvLOtwc6RitGHbDk4akRI=
golang.org/x/mod v0.34.0/go.mod h1:ykgH52iCZe79kzLLMhyCUzhMci+nQj+0XkbXpNYtVjY=
golang.org/x/net v0.0.0-20190404232315-eb5bcb51f2a3/go.mod h1:t9HGtf8HONx5eT2rtn7q6eTqICYqUVnKs3thJo3Qplg=
golang.org/x/net v0.0.0-20190620200207-3b0461eec859/go.mod h1:z5CRVTTTmAJ677TzLLGU+0bjPO0LkuOLi4/5GtJWs/s=
golang.org/x/net v0.0.0-20200226121028-0de0cce0169b/go.mod h1:z5CRVTTTmAJ677TzLLGU+0bjPO0LkuOLi4/5GtJWs/s=
golang.org/x/net v0.0.0-20210226172049-e18ecbb05110/go.mod h1:m0MpNAwzfU5UDzcl9v0D8zg8gWTRqZa9RBIspLL5mdg=
golang.org/x/net v0.0.0-20220722155237-a158d28d115b/go.mod h1:XRhObCWvk6IyKnWLug+ECip1KBveYUHfp+8e9klMJ9c=
golang.org/x/net v0.52.0 h1:He/TN1l0e4mmR3QqHMT2Xab3Aj3L9qjbhRm78/6jrW0=
golang.org/x/net v0.52.0/go.mod h1:R1MAz7uMZxVMualyPXb+VaqGSa3LIaUqk0eEt3w36Sw=
golang.org/x/sync v0.0.0-20181221193216-37e7f081c4d4/go.mod h1:RxMgew5VJxzue5/jJTE5uejpjVlOe/izrB70Jof72aM=
golang.org/x/sync v0.0.0-20190423024810-112230192c58/go.mod h1:RxMgew5VJxzue5/jJTE5uejpjVlOe/izrB70Jof72aM=
golang.org/x/sync v0.0.0-20190911185100-cd5d95a43a6e/go.mod h1:RxMgew5VJxzue5/jJTE5uejpjVlOe/izrB70Jof72aM=
golang.org/x/sync v0.0.0-20220722155255-886fb9371eb4/go.mod h1:RxMgew5VJxzue5/jJTE5uejpjVlOe/izrB70Jof72aM=
golang.org/x/sync v0.20.0 h1:e0PTpb7pjO8GAtTs2dQ6jYa5BWYlMuX047Dco/pItO4=
golang.org/x/sync v0.20.0/go.mod h1:9xrNwdLfx4jkKbNva9FpL6vEN7evnE43NNNJQ2LF3+0=
golang.org/x/sys v0.0.0-20190215142949-d0b11bdaac8a/go.mod h1:STP8DvDyc/dI5b8T5hshtkjS+E42TnysNCUPdjciGhY=
golang.org/x/sys v0.0.0-20190412213103-97732733099d/go.mod h1:h1NjWce9XRLGQEsW7wpKNCjG9DtNlClVuFLEZdDNbEs=
golang.org/x/sys v0.0.0-20191025021431-6c3a3bfe00ae/go.mod h1:h1NjWce9XRLGQEsW7wpKNCjG9DtNlClVuFLEZdDNbEs=
golang.org/x/sys v0.0.0-20191204072324-ce4227a45e2e/go.mod h1:h1NjWce9XRLGQEsW7wpKNCjG9DtNlClVuFLEZdDNbEs=
golang.org/x/sys v0.0.0-20201119102817-f84b799fce68/go.mod h1:h1NjWce9XRLGQEsW7wpKNCjG9DtNlClVuFLEZdDNbEs=
golang.org/x/sys v0.0.0-20210615035016-665e8c7367d1/go.mod h1:oPkhp1MJrh7nUepCBck5+mAzfO9JrbApNNgaTdGDITg=
golang.org/x/sys v0.0.0-20220520151302-bc2c85ada10a/go.mod h1:oPkhp1MJrh7nUepCBck5+mAzfO9JrbApNNgaTdGDITg=
golang.org/x/sys v0.0.0-20220722155257-8c9f86f7a55f/go.mod h1:oPkhp1MJrh7nUepCBck5+mAzfO9JrbApNNgaTdGDITg=
golang.org/x/sys v0.0.0-20220811171246-fbc7d0a398ab/go.mod h1:oPkhp1MJrh7nUepCBck5+mAzfO9JrbApNNgaTdGDITg=
golang.org/x/sys v0.6.0/go.mod h1:oPkhp1MJrh7nUepCBck5+mAzfO9JrbApNNgaTdGDITg=
golang.org/x/sys v0.12.0/go.mod h1:oPkhp1MJrh7nUepCBck5+mAzfO9JrbApNNgaTdGDITg=
golang.org/x/sys v0.42.0 h1:omrd2nAlyT5ESRdCLYdm3+fMfNFE/+Rf4bDIQImRJeo=
golang.org/x/sys v0.42.0/go.mod h1:4GL1E5IUh+htKOUEOaiffhrAeqysfVGipDYzABqnCmw=
golang.org/x/telemetry v0.0.0-20260312161427-1546bf4b83fe h1:MaXjBsxue6l0hflXDwJ/XBfUJRjiyX1PwLd7F3lYDXA=
golang.org/x/telemetry v0.0.0-20260312161427-1546bf4b83fe/go.mod h1:TpUTTEp9frx7rTdLpC9gFG9kdI7zVLFTFFlqaH2Cncw=
golang.org/x/term v0.0.0-20201126162022-7de9c90e9dd1/go.mod h1:bj7SfCRtBDWHUb9snDiAeCFNEtKQo2Wmx5Cou7ajbmo=
golang.org/x/term v0.0.0-20210927222741-03fcf44c2211/go.mod h1:jbD1KX2456YbFQfuXm/mYQcufACuNUgVhRMnK/tPxf8=
golang.org/x/term v0.41.0 h1:QCgPso/Q3RTJx2Th4bDLqML4W6iJiaXFq2/ftQF13YU=
golang.org/x/term v0.41.0/go.mod h1:3pfBgksrReYfZ5lvYM0kSO0LIkAl4Yl2bXOkKP7Ec2A=
golang.org/x/text v0.3.0/go.mod h1:NqM8EUOU14njkJ3fqMW+pc6Ldnwhi/IjpwHt7yyuwOQ=
golang.org/x/text v0.3.2/go.mod h1:bEr9sfX3Q8Zfm5fL9x+3itogRgK3+ptLWKqgva+5dAk=
golang.org/x/text v0.3.3/go.mod h1:5Zoc/QRtKVWzQhOtBMvqHzDpF6irO9z98xDceosuGiQ=
golang.org/x/text v0.3.7/go.mod h1:u+2+/6zg+i71rQMx5EYifcz6MCKuco9NR6JIITiCfzQ=
golang.org/x/text v0.3.8/go.mod h1:E6s5w1FMmriuDzIBO73fBruAKo1PCIq6d2Q6DHfQ8WQ=
golang.org/x/text v0.35.0 h1:JOVx6vVDFokkpaq1AEptVzLTpDe9KGpj5tR4/X+ybL8=
golang.org/x/text v0.35.0/go.mod h1:khi/HExzZJ2pGnjenulevKNX1W67CUy0AsXcNubPGCA=
golang.org/x/tools v0.0.0-20180917221912-90fa682c2a6e/go.mod h1:n7NCudcB/nEzxVGmLbDWY5pfWTLqBcC2KZ6jyYvM4mQ=
golang.org/x/tools v0.0.0-20191119224855-298f0cb1881e/go.mod h1:b+2E5dAYhXwXZwtnZ6UAqBI28+e2cm9otk0dWdXHAEo=
golang.org/x/tools v0.0.0-20200130002326-2f3ba24bd6e7/go.mod h1:TB2adYChydJhpapKDTa4BR/hXlZSLoq2Wpct/0txZ28=
golang.org/x/tools v0.0.0-20200509030707-2212a7e161a5/go.mod h1:EkVYQZoAsY45+roYkvgYkIh4xh/qjgUK9TdY2XT94GE=
golang.org/x/tools v0.1.12/go.mod h1:hNGJHUnrk76NpqgfD5Aqm5Crs+Hm0VOH/i9J2+nxYbc=
golang.org/x/tools v0.43.0 h1:12BdW9CeB3Z+J/I/wj34VMl8X+fEXBxVR90JeMX5E7s=
golang.org/x/tools v0.43.0/go.mod h1:uHkMso649BX2cZK6+RpuIPXS3ho2hZo4FVwfoy1vIk0=
golang.org/x/xerrors v0.0.0-20190717185122-a985d3407aa7/go.mod h1:I/5z698sn9Ka8TeJc9MKroUUfqBBauWjQqLJ2OPfmY0=
golang.org/x/xerrors v0.0.0-20191011141410-1b5146add898/go.mod h1:I/5z698sn9Ka8TeJc9MKroUUfqBBauWjQqLJ2OPfmY0=
golang.org/x/xerrors v0.0.0-20191204190536-9bdfabe68543/go.mod h1:I/5z698sn9Ka8TeJc9MKroUUfqBBauWjQqLJ2OPfmY0=
gonum.org/v1/gonum v0.16.0 h1:5+ul4Swaf3ESvrOnidPp4GZbzf0mxVQpDCYUQE7OJfk=
gonum.org/v1/gonum v0.16.0/go.mod h1:fef3am4MQ93R2HHpKnLk4/Tbh/s0+wqD5nfa6Pnwy4E=
google.golang.org/appengine v1.6.8 h1:IhEN5q69dyKagZPYMSdIjS2HqprW324FRQZJcGqPAsM=
google.golang.org/appengine v1.6.8/go.mod h1:1jJ3jBArFh5pcgW8gCtRJnepW8FzD1V44FJffLiz/Ds=
google.golang.org/genproto/googleapis/rpc v0.0.0-20260311181403-84a4fc48630c h1:xgCzyF2LFIO/0X2UAoVRiXKU5Xg6VjToG4i2/ecSswk=
google.golang.org/genproto/googleapis/rpc v0.0.0-20260311181403-84a4fc48630c/go.mod h1:4Hqkh8ycfw05ld/3BWL7rJOSfebL2Q+DVDeRgYgxUU8=
google.golang.org/grpc v1.79.2 h1:fRMD94s2tITpyJGtBBn7MkMseNpOZU8ZxgC3MMBaXRU=
google.golang.org/grpc v1.79.2/go.mod h1:KmT0Kjez+0dde/v2j9vzwoAScgEPx/Bw1CYChhHLrHQ=
google.golang.org/protobuf v1.26.0-rc.1/go.mod h1:jlhhOSvTdKEhbULTjvd4ARK9grFBp09yW+WbY/TyQbw=
google.golang.org/protobuf v1.26.0/go.mod h1:9q0QmTI4eRPtz6boOQmLYwt+qCgq0jsYwAQnmE0givc=
google.golang.org/protobuf v1.36.11 h1:fV6ZwhNocDyBLK0dj+fg8ektcVegBBuEolpbTQyBNVE=
google.golang.org/protobuf v1.36.11/go.mod h1:HTf+CrKn2C3g5S8VImy6tdcUvCska2kB7j23XfzDpco=
gopkg.in/check.v1 v0.0.0-20161208181325-20d25e280405/go.mod h1:Co6ibVJAznAaIkqp8huTwlJQCZ016jof/cbN4VW5Yz0=
gopkg.in/check.v1 v1.0.0-20180628173108-788fd7840127/go.mod h1:Co6ibVJAznAaIkqp8huTwlJQCZ016jof/cbN4VW5Yz0=
gopkg.in/check.v1 v1.0.0-20201130134442-10cb98267c6c h1:Hei/4ADfdWqJk1ZMxUNpqntNwaWcugrBjAiHlqqRiVk=
gopkg.in/check.v1 v1.0.0-20201130134442-10cb98267c6c/go.mod h1:JHkPIbrfpd72SG/EVd6muEfDQjcINNoR0C8j2r3qZ4Q=
gopkg.in/yaml.v1 v1.0.0-20140924161607-9f9df34309c0/go.mod h1:WDnlLJ4WF5VGsH/HVa3CI79GS0ol3YnhVnKP89i0kNg=
gopkg.in/yaml.v2 v2.2.1/go.mod h1:hI93XBmqTisBFMUTm0b8Fm+jr3Dg1NNxqwp+5A1VGuI=
gopkg.in/yaml.v2 v2.2.2/go.mod h1:hI93XBmqTisBFMUTm0b8Fm+jr3Dg1NNxqwp+5A1VGuI=
gopkg.in/yaml.v3 v3.0.0-20200313102051-9f266ea9e77c/go.mod h1:K4uyk7z7BCEPqu6E+C64Yfv1cQ7kz7rIZviUmN+EgEM=
gopkg.in/yaml.v3 v3.0.1 h1:fxVm/GzAzEWqLHuvctI91KS9hhNmmWOoWu0XTYJS7CA=
gopkg.in/yaml.v3 v3.0.1/go.mod h1:K4uyk7z7BCEPqu6E+C64Yfv1cQ7kz7rIZviUmN+EgEM=
howett.net/plist v0.0.0-20181124034731-591f970eefbb/go.mod h1:vMygbs4qMhSZSc4lCUl2OEE+rDiIIJAIdR4m7MiMcm0=
howett.net/plist v1.0.1 h1:37GdZ8tP09Q35o9ych3ehygcsL+HqKSwzctveSlarvM=
howett.net/plist v1.0.1/go.mod h1:lqaXoTrLY4hg8tnEzNru53gicrbv7rrk+2xJA/7hw9g=
